// !$*UTF8*$!
{
	archiveVersion = 1;
	classes = {
	};
	objectVersion = 50;
	objects = {

/* Begin PBXBuildFile section */
		04000C0226AF9D6C0043AA9F /* BodyMeasurementApp.swift in Sources */ = {isa = PBXBuildFile; fileRef = 04000BEF26AF9D6C0043AA9F /* BodyMeasurementApp.swift */; };
		04000C0326AF9D6C0043AA9F /* BodyMeasurementApp.swift in Sources */ = {isa = PBXBuildFile; fileRef = 04000BEF26AF9D6C0043AA9F /* BodyMeasurementApp.swift */; };
		04000C0426AF9D6C0043AA9F /* ContentView.swift in Sources */ = {isa = PBXBuildFile; fileRef = 04000BF026AF9D6C0043AA9F /* ContentView.swift */; };
		04000C0526AF9D6C0043AA9F /* ContentView.swift in Sources */ = {isa = PBXBuildFile; fileRef = 04000BF026AF9D6C0043AA9F /* ContentView.swift */; };
		04000C0626AF9D6C0043AA9F /* Assets.xcassets in Resources */ = {isa = PBXBuildFile; fileRef = 04000BF126AF9D6C0043AA9F /* Assets.xcassets */; };
		04000C0726AF9D6C0043AA9F /* Assets.xcassets in Resources */ = {isa = PBXBuildFile; fileRef = 04000BF126AF9D6C0043AA9F /* Assets.xcassets */; };
/* End PBXBuildFile section */

/* Begin PBXFileReference section */
		04000BEF26AF9D6C0043AA9F /* BodyMeasurementApp.swift */ = {isa = PBXFileReference; lastKnownFileType = sourcecode.swift; path = BodyMeasurementApp.swift; sourceTree = "<group>"; };
		04000BF026AF9D6C0043AA9F /* ContentView.swift */ = {isa = PBXFileReference; lastKnownFileType = sourcecode.swift; path = ContentView.swift; sourceTree = "<group>"; };
		04000BF126AF9D6C0043AA9F /* Assets.xcassets */ = {isa = PBXFileReference; lastKnownFileType = folder.assetcatalog; path = Assets.xcassets; sourceTree = "<group>"; };
		04000BF626AF9D6C0043AA9F /* BodyMeasurement.app */ = {isa = PBXFileReference; explicitFileType = wrapper.application; includeInIndex = 0; path = BodyMeasurement.app; sourceTree = BUILT_PRODUCTS_DIR; };
		04000BF926AF9D6C0043AA9F /* Info.plist */ = {isa = PBXFileReference; lastKnownFileType = text.plist.xml; path = Info.plist; sourceTree = "<group>"; };
		04000BFE26AF9D6C0043AA9F /* BodyMeasurement.app */ = {isa = PBXFileReference; explicitFileType = wrapper.application; includeInIndex = 0; path = BodyMeasurement.app; sourceTree = BUILT_PRODUCTS_DIR; };
		04000C0026AF9D6C0043AA9F /* Info.plist */ = {isa = PBXFileReference; lastKnownFileType = text.plist.xml; path = Info.plist; sourceTree = "<group>"; };
		04000C0126AF9D6C0043AA9F /* macOS.entitlements */ = {isa = PBXFileReference; lastKnownFileType = text.plist.entitlements; path = macOS.entitlements; sourceTree = "<group>"; };
/* End PBXFileReference section */

/* Begin PBXFrameworksBuildPhase section */
		04000BF326AF9D6C0043AA9F /* Frameworks */ = {
			isa = PBXFrameworksBuildPhase;
			buildActionMask = 2147483647;
			files = (
			);
			runOnlyForDeploymentPostprocessing = 0;
		};
		04000BFB26AF9D6C0043AA9F /* Frameworks */ = {
			isa = PBXFrameworksBuildPhase;
			buildActionMask = 2147483647;
			files = (
			);
			runOnlyForDeploymentPostprocessing = 0;
		};
/* End PBXFrameworksBuildPhase section */

/* Begin PBXGroup section */
		04000BE926AF9D6B0043AA9F = {
			isa = PBXGroup;
			children = (
				04000BEE26AF9D6C0043AA9F /* Shared */,
				04000BF826AF9D6C0043AA9F /* iOS */,
				04000BFF26AF9D6C0043AA9F /* macOS */,
				04000BF726AF9D6C0043AA9F /* Products */,
			);
			sourceTree = "<group>";
		};
		04000BEE26AF9D6C0043AA9F /* Shared */ = {
			isa = PBXGroup;
			children = (
				04000BEF26AF9D6C0043AA9F /* BodyMeasurementApp.swift */,
				04000BF026AF9D6C0043AA9F /* ContentView.swift */,
				04000BF126AF9D6C0043AA9F /* Assets.xcassets */,
			);
			path = Shared;
			sourceTree = "<group>";
		};
		04000BF726AF9D6C0043AA9F /* Products */ = {
			isa = PBXGroup;
			children = (
				04000BF626AF9D6C0043AA9F /* BodyMeasurement.app */,
				04000BFE26AF9D6C0043AA9F /* BodyMeasurement.app */,
			);
			name = Products;
			sourceTree = "<group>";
		};
		04000BF826AF9D6C0043AA9F /* iOS */ = {
			isa = PBXGroup;
			children = (
				04000BF926AF9D6C0043AA9F /* Info.plist */,
			);
			path = iOS;
			sourceTree = "<group>";
		};
		04000BFF26AF9D6C0043AA9F /* macOS */ = {
			isa = PBXGroup;
			children = (
				04000C0026AF9D6C0043AA9F /* Info.plist */,
				04000C0126AF9D6C0043AA9F /* macOS.entitlements */,
			);
			path = macOS;
			sourceTree = "<group>";
		};
/* End PBXGroup section */

/* Begin PBXNativeTarget section */
		04000BF526AF9D6C0043AA9F /* BodyMeasurement (iOS) */ = {
			isa = PBXNativeTarget;
			buildConfigurationList = 04000C0A26AF9D6C0043AA9F /* Build configuration list for PBXNativeTarget "BodyMeasurement (iOS)" */;
			buildPhases = (
				04000BF226AF9D6C0043AA9F /* Sources */,
				04000BF326AF9D6C0043AA9F /* Frameworks */,
				04000BF426AF9D6C0043AA9F /* Resources */,
			);
			buildRules = (
			);
			dependencies = (
			);
			name = "BodyMeasurement (iOS)";
			productName = "BodyMeasurement (iOS)";
			productReference = 04000BF626AF9D6C0043AA9F /* BodyMeasurement.app */;
			productType = "com.apple.product-type.application";
		};
		04000BFD26AF9D6C0043AA9F /* BodyMeasurement (macOS) */ = {
			isa = PBXNativeTarget;
			buildConfigurationList = 04000C0D26AF9D6C0043AA9F /* Build configuration list for PBXNativeTarget "BodyMeasurement (macOS)" */;
			buildPhases = (
				04000BFA26AF9D6C0043AA9F /* Sources */,
				04000BFB26AF9D6C0043AA9F /* Frameworks */,
				04000BFC26AF9D6C0043AA9F /* Resources */,
			);
			buildRules = (
			);
			dependencies = (
			);
			name = "BodyMeasurement (macOS)";
			productName = "BodyMeasurement (macOS)";
			productReference = 04000BFE26AF9D6C0043AA9F /* BodyMeasurement.app */;
			productType = "com.apple.product-type.application";
		};
/* End PBXNativeTarget section */

/* Begin PBXProject section */
		04000BEA26AF9D6B0043AA9F /* Project object */ = {
			isa = PBXProject;
			attributes = {
				LastSwiftUpdateCheck = 1250;
				LastUpgradeCheck = 1250;
				TargetAttributes = {
					04000BF526AF9D6C0043AA9F = {
						CreatedOnToolsVersion = 12.5.1;
					};
					04000BFD26AF9D6C0043AA9F = {
						CreatedOnToolsVersion = 12.5.1;
					};
				};
			};
			buildConfigurationList = 04000BED26AF9D6B0043AA9F /* Build configuration list for PBXProject "BodyMeasurement" */;
			compatibilityVersion = "Xcode 9.3";
			developmentRegion = en;
			hasScannedForEncodings = 0;
			knownRegions = (
				en,
				Base,
			);
			mainGroup = 04000BE926AF9D6B0043AA9F;
			productRefGroup = 04000BF726AF9D6C0043AA9F /* Products */;
			projectDirPath = "";
			projectRoot = "";
			targets = (
				04000BF526AF9D6C0043AA9F /* BodyMeasurement (iOS) */,
				04000BFD26AF9D6C0043AA9F /* BodyMeasurement (macOS) */,
			);
		};
/* End PBXProject section */

/* Begin PBXResourcesBuildPhase section */
		04000BF426AF9D6C0043AA9F /* Resources */ = {
			isa = PBXResourcesBuildPhase;
			buildActionMask = 2147483647;
			files = (
				04000C0626AF9D6C0043AA9F /* Assets.xcassets in Resources */,
			);
			runOnlyForDeploymentPostprocessing = 0;
		};
		04000BFC26AF9D6C0043AA9F /* Resources */ = {
			isa = PBXResourcesBuildPhase;
			buildActionMask = 2147483647;
			files = (
				04000C0726AF9D6C0043AA9F /* Assets.xcassets in Resources */,
			);
			runOnlyForDeploymentPostprocessing = 0;
		};
/* End PBXResourcesBuildPhase section */

/* Begin PBXSourcesBuildPhase section */
		04000BF226AF9D6C0043AA9F /* Sources */ = {
			isa = PBXSourcesBuildPhase;
			buildActionMask = 2147483647;
			files = (
				04000C0426AF9D6C0043AA9F /* ContentView.swift in Sources */,
				04000C0226AF9D6C0043AA9F /* BodyMeasurementApp.swift in Sources */,
			);
			runOnlyForDeploymentPostprocessing = 0;
		};
		04000BFA26AF9D6C0043AA9F /* Sources */ = {
			isa = PBXSourcesBuildPhase;
			buildActionMask = 2147483647;
			files = (
				04000C0526AF9D6C0043AA9F /* ContentView.swift in Sources */,
				04000C0326AF9D6C0043AA9F /* BodyMeasurementApp.swift in Sources */,
			);
			runOnlyForDeploymentPostprocessing = 0;
		};
/* End PBXSourcesBuildPhase section */

/* Begin XCBuildConfiguration section */
		04000C0826AF9D6C0043AA9F /* Debug */ = {
			isa = XCBuildConfiguration;
			buildSettings = {
				ALWAYS_SEARCH_USER_PATHS = NO;
				CLANG_ANALYZER_NONNULL = YES;
				CLANG_ANALYZER_NUMBER_OBJECT_CONVERSION = YES_AGGRESSIVE;
				CLANG_CXX_LANGUAGE_STANDARD = "gnu++14";
				CLANG_CXX_LIBRARY = "libc++";
				CLANG_ENABLE_MODULES = YES;
				CLANG_ENABLE_OBJC_ARC = YES;
				CLANG_ENABLE_OBJC_WEAK = YES;
				CLANG_WARN_BLOCK_CAPTURE_AUTORELEASING = YES;
				CLANG_WARN_BOOL_CONVERSION = YES;
				CLANG_WARN_COMMA = YES;
				CLANG_WARN_CONSTANT_CONVERSION = YES;
				CLANG_WARN_DEPRECATED_OBJC_IMPLEMENTATIONS = YES;
				CLANG_WARN_DIRECT_OBJC_ISA_USAGE = YES_ERROR;
				CLANG_WARN_DOCUMENTATION_COMMENTS = YES;
				CLANG_WARN_EMPTY_BODY = YES;
				CLANG_WARN_ENUM_CONVERSION = YES;
				CLANG_WARN_INFINITE_RECURSION = YES;
				CLANG_WARN_INT_CONVERSION = YES;
				CLANG_WARN_NON_LITERAL_NULL_CONVERSION = YES;
				CLANG_WARN_OBJC_IMPLICIT_RETAIN_SELF = YES;
				CLANG_WARN_OBJC_LITERAL_CONVERSION = YES;
				CLANG_WARN_OBJC_ROOT_CLASS = YES_ERROR;
				CLANG_WARN_QUOTED_INCLUDE_IN_FRAMEWORK_HEADER = YES;
				CLANG_WARN_RANGE_LOOP_ANALYSIS = YES;
				CLANG_WARN_STRICT_PROTOTYPES = YES;
				CLANG_WARN_SUSPICIOUS_MOVE = YES;
				CLANG_WARN_UNGUARDED_AVAILABILITY = YES_AGGRESSIVE;
				CLANG_WARN_UNREACHABLE_CODE = YES;
				CLANG_WARN__DUPLICATE_METHOD_MATCH = YES;
				COPY_PHASE_STRIP = NO;
				DEBUG_INFORMATION_FORMAT = dwarf;
				ENABLE_STRICT_OBJC_MSGSEND = YES;
				ENABLE_TESTABILITY = YES;
				GCC_C_LANGUAGE_STANDARD = gnu11;
				GCC_DYNAMIC_NO_PIC = NO;
				GCC_NO_COMMON_BLOCKS = YES;
				GCC_OPTIMIZATION_LEVEL = 0;
				GCC_PREPROCESSOR_DEFINITIONS = (
					"DEBUG=1",
					"$(inherited)",
				);
				GCC_WARN_64_TO_32_BIT_CONVERSION = YES;
				GCC_WARN_ABOUT_RETURN_TYPE = YES_ERROR;
				GCC_WARN_UNDECLARED_SELECTOR = YES;
				GCC_WARN_UNINITIALIZED_AUTOS = YES_AGGRESSIVE;
				GCC_WARN_UNUSED_FUNCTION = YES;
				GCC_WARN_UNUSED_VARIABLE = YES;
				MTL_ENABLE_DEBUG_INFO = INCLUDE_SOURCE;
				MTL_FAST_MATH = YES;
				ONLY_ACTIVE_ARCH = YES;
				SWIFT_ACTIVE_COMPILATION_CONDITIONS = DEBUG;
				SWIFT_OPTIMIZATION_LEVEL = "-Onone";
			};
			name = Debug;
		};
		04000C0926AF9D6C0043AA9F /* Release */ = {
			isa = XCBuildConfiguration;
			buildSettings = {
				ALWAYS_SEARCH_USER_PATHS = NO;
				CLANG_ANALYZER_NONNULL = YES;
				CLANG_ANALYZER_NUMBER_OBJECT_CONVERSION = YES_AGGRESSIVE;
				CLANG_CXX_LANGUAGE_STANDARD = "gnu++14";
				CLANG_CXX_LIBRARY = "libc++";
				CLANG_ENABLE_MODULES = YES;
				CLANG_ENABLE_OBJC_ARC = YES;
				CLANG_ENABLE_OBJC_WEAK = YES;
				CLANG_WARN_BLOCK_CAPTURE_AUTORELEASING = YES;
				CLANG_WARN_BOOL_CONVERSION = YES;
				CLANG_WARN_COMMA = YES;
				CLANG_WARN_CONSTANT_CONVERSION = YES;
				CLANG_WARN_DEPRECATED_OBJC_IMPLEMENTATIONS = YES;
				CLANG_WARN_DIRECT_OBJC_ISA_USAGE = YES_ERROR;
				CLANG_WARN_DOCUMENTATION_COMMENTS = YES;
				CLANG_WARN_EMPTY_BODY = YES;
				CLANG_WARN_ENUM_CONVERSION = YES;
				CLANG_WARN_INFINITE_RECURSION = YES;
				CLANG_WARN_INT_CONVERSION = YES;
				CLANG_WARN_NON_LITERAL_NULL_CONVERSION = YES;
				CLANG_WARN_OBJC_IMPLICIT_RETAIN_SELF = YES;
				CLANG_WARN_OBJC_LITERAL_CONVERSION = YES;
				CLANG_WARN_OBJC_ROOT_CLASS = YES_ERROR;
				CLANG_WARN_QUOTED_INCLUDE_IN_FRAMEWORK_HEADER = YES;
				CLANG_WARN_RANGE_LOOP_ANALYSIS = YES;
				CLANG_WARN_STRICT_PROTOTYPES = YES;
				CLANG_WARN_SUSPICIOUS_MOVE = YES;
				CLANG_WARN_UNGUARDED_AVAILABILITY = YES_AGGRESSIVE;
				CLANG_WARN_UNREACHABLE_CODE = YES;
				CLANG_WARN__DUPLICATE_METHOD_MATCH = YES;
				COPY_PHASE_STRIP = NO;
				DEBUG_INFORMATION_FORMAT = "dwarf-with-dsym";
				ENABLE_NS_ASSERTIONS = NO;
				ENABLE_STRICT_OBJC_MSGSEND = YES;
				GCC_C_LANGUAGE_STANDARD = gnu11;
				GCC_NO_COMMON_BLOCKS = YES;
				GCC_WARN_64_TO_32_BIT_CONVERSION = YES;
				GCC_WARN_ABOUT_RETURN_TYPE = YES_ERROR;
				GCC_WARN_UNDECLARED_SELECTOR = YES;
				GCC_WARN_UNINITIALIZED_AUTOS = YES_AGGRESSIVE;
				GCC_WARN_UNUSED_FUNCTION = YES;
				GCC_WARN_UNUSED_VARIABLE = YES;
				MTL_ENABLE_DEBUG_INFO = NO;
				MTL_FAST_MATH = YES;
				SWIFT_COMPILATION_MODE = wholemodule;
				SWIFT_OPTIMIZATION_LEVEL = "-O";
			};
			name = Release;
		};
		04000C0B26AF9D6C0043AA9F /* Debug */ = {
			isa = XCBuildConfiguration;
			buildSettings = {
				ASSETCATALOG_COMPILER_APPICON_NAME = AppIcon;
				ASSETCATALOG_COMPILER_GLOBAL_ACCENT_COLOR_NAME = AccentColor;
				CODE_SIGN_STYLE = Automatic;
				DEVELOPMENT_TEAM = 479D88RPDD;
				ENABLE_PREVIEWS = YES;
				INFOPLIST_FILE = iOS/Info.plist;
				IPHONEOS_DEPLOYMENT_TARGET = 14.0;
				LD_RUNPATH_SEARCH_PATHS = (
					"$(inherited)",
					"@executable_path/Frameworks",
				);
				PRODUCT_BUNDLE_IDENTIFIER = com.murao.BodyMeasurement;
				PRODUCT_NAME = BodyMeasurement;
				SDKROOT = iphoneos;
				SWIFT_VERSION = 5.0;
				TARGETED_DEVICE_FAMILY = "1,2";
			};
			name = Debug;
		};
		04000C0C26AF9D6C0043AA9F /* Release */ = {
			isa = XCBuildConfiguration;
			buildSettings = {
				ASSETCATALOG_COMPILER_APPICON_NAME = AppIcon;
				ASSETCATALOG_COMPILER_GLOBAL_ACCENT_COLOR_NAME = AccentColor;
				CODE_SIGN_STYLE = Automatic;
				DEVELOPMENT_TEAM = 479D88RPDD;
				ENABLE_PREVIEWS = YES;
				INFOPLIST_FILE = iOS/Info.plist;
				IPHONEOS_DEPLOYMENT_TARGET = 14.0;
				LD_RUNPATH_SEARCH_PATHS = (
					"$(inherited)",
					"@executable_path/Frameworks",
				);
				PRODUCT_BUNDLE_IDENTIFIER = com.murao.BodyMeasurement;
				PRODUCT_NAME = BodyMeasurement;
				SDKROOT = iphoneos;
				SWIFT_VERSION = 5.0;
				TARGETED_DEVICE_FAMILY = "1,2";
				VALIDATE_PRODUCT = YES;
			};
			name = Release;
		};
		04000C0E26AF9D6C0043AA9F /* Debug */ = {
			isa = XCBuildConfiguration;
			buildSettings = {
				ASSETCATALOG_COMPILER_APPICON_NAME = AppIcon;
				ASSETCATALOG_COMPILER_GLOBAL_ACCENT_COLOR_NAME = AccentColor;
				CODE_SIGN_ENTITLEMENTS = macOS/macOS.entitlements;
				CODE_SIGN_STYLE = Automatic;
				COMBINE_HIDPI_IMAGES = YES;
				DEVELOPMENT_TEAM = 479D88RPDD;
				ENABLE_HARDENED_RUNTIME = YES;
				ENABLE_PREVIEWS = YES;
				INFOPLIST_FILE = macOS/Info.plist;
				LD_RUNPATH_SEARCH_PATHS = (
					"$(inherited)",
					"@executable_path/../Frameworks",
				);
				MACOSX_DEPLOYMENT_TARGET = 11.0;
				PRODUCT_BUNDLE_IDENTIFIER = com.murao.BodyMeasurement;
				PRODUCT_NAME = BodyMeasurement;
				SDKROOT = macosx;
				SWIFT_VERSION = 5.0;
			};
			name = Debug;
		};
		04000C0F26AF9D6C0043AA9F /* Release */ = {
			isa = XCBuildConfiguration;
			buildSettings = {
				ASSETCATALOG_COMPILER_APPICON_NAME = AppIcon;
				ASSETCATALOG_COMPILER_GLOBAL_ACCENT_COLOR_NAME = AccentColor;
				CODE_SIGN_ENTITLEMENTS = macOS/macOS.entitlements;
				CODE_SIGN_STYLE = Automatic;
				COMBINE_HIDPI_IMAGES = YES;
				DEVELOPMENT_TEAM = 479D88RPDD;
				ENABLE_HARDENED_RUNTIME = YES;
				ENABLE_PREVIEWS = YES;
				INFOPLIST_FILE = macOS/Info.plist;
				LD_RUNPATH_SEARCH_PATHS = (
					"$(inherited)",
					"@executable_path/../Frameworks",
				);
				MACOSX_DEPLOYMENT_TARGET = 11.0;
				PRODUCT_BUNDLE_IDENTIFIER = com.murao.BodyMeasurement;
				PRODUCT_NAME = BodyMeasurement;
				SDKROOT = macosx;
				SWIFT_VERSION = 5.0;
			};
			name = Release;
		};
/* End XCBuildConfiguration section */

/* Begin XCConfigurationList section */
		04000BED26AF9D6B0043AA9F /* Build configuration list for PBXProject "BodyMeasurement" */ = {
			isa = XCConfigurationList;
			buildConfigurations = (
				04000C0826AF9D6C0043AA9F /* Debug */,
				04000C0926AF9D6C0043AA9F /* Release */,
			);
			defaultConfigurationIsVisible = 0;
			defaultConfigurationName = Release;
		};
		04000C0A26AF9D6C0043AA9F /* Build configuration list for PBXNativeTarget "BodyMeasurement (iOS)" */ = {
			isa = XCConfigurationList;
			buildConfigurations = (
				04000C0B26AF9D6C0043AA9F /* Debug */,
				04000C0C26AF9D6C0043AA9F /* Release */,
			);
			defaultConfigurationIsVisible = 0;
			defaultConfigurationName = Release;
		};
		04000C0D26AF9D6C0043AA9F /* Build configuration list for PBXNativeTarget "BodyMeasurement (macOS)" */ = {
			isa = XCConfigurationList;
			buildConfigurations = (
				04000C0E26AF9D6C0043AA9F /* Debug */,
				04000C0F26AF9D6C0043AA9F /* Release */,
			);
			defaultConfigurationIsVisible = 0;
			defaultConfigurationName = Release;
		};
/* End XCConfigurationList section */
	};
	rootObject = 04000BEA26AF9D6B0043AA9F /* Project object */;
}
